
Microsoft Visual Studio Solution File, Format Version 12.00
# Visual Studio Version 16
VisualStudioVersion = 16.0.30611.23
MinimumVisualStudioVersion = 10.0.40219.1
Project("{FAE04EC0-301F-11D3-BF4B-00C04F79EFBC}") = "ash-project-lib", "ash-project-lib.csproj", "{0F813E1C-7285-439F-80CB-B877F081FA2F}"
EndProject
Project("{FAE04EC0-301F-11D3-BF4B-00C04F79EFBC}") = "ash-project-console", "..\ash-project-console\ash-project-console.csproj", "{F45782D9-81D1-479F-8CCF-C6E7B6146F28}"
EndProject
Global
	GlobalSection(SolutionConfigurationPlatforms) = preSolution
		Debug|Any CPU = Debug|Any CPU
		Release|Any CPU = Release|Any CPU
	EndGlobalSection
	GlobalSection(ProjectConfigurationPlatforms) = postSolution
		{0F813E1C-7285-439F-80CB-B877F081FA2F}.Debug|Any CPU.ActiveCfg = Debug|Any CPU
		{0F813E1C-7285-439F-80CB-B877F081FA2F}.Debug|Any CPU.Build.0 = Debug|Any CPU
		{0F813E1C-7285-439F-80CB-B877F081FA2F}.Release|Any CPU.ActiveCfg = Release|Any CPU
		{0F813E1C-7285-439F-80CB-B877F081FA2F}.Release|Any CPU.Build.0 = Release|Any CPU
		{F45782D9-81D1-479F-8CCF-C6E7B6146F28}.Debug|Any CPU.ActiveCfg = Debug|Any CPU
		{F45782D9-81D1-479F-8CCF-C6E7B6146F28}.Debug|Any CPU.Build.0 = Debug|Any CPU
		{F45782D9-81D1-479F-8CCF-C6E7B6146F28}.Release|Any CPU.ActiveCfg = Release|Any CPU
		{F45782D9-81D1-479F-8CCF-C6E7B6146F28}.Release|Any CPU.Build.0 = Release|Any CPU
	EndGlobalSection
	GlobalSection(SolutionProperties) = preSolution
		HideSolutionNode = FALSE
	EndGlobalSection
	GlobalSection(ExtensibilityGlobals) = postSolution
		SolutionGuid = {B52478FB-A601-4FE8-8D64-E159F513C398}
	EndGlobalSection
EndGlobal
